
Microsoft Visual Studio Solution File, Format Version 12.00
# Visual Studio Express 2012 for Windows Desktop
Project("{FAE04EC0-301F-11D3-BF4B-00C04F79EFBC}") = "Labyrinth", "Labyrinth\Labyrinth\Labyrinth.csproj", "{5D545880-985C-463E-B01B-207BAB9EDF46}"
EndProject
Project("{96E2B04D-8817-42C6-938A-82C39BA4D311}") = "LabyrinthContent", "Labyrinth\LabyrinthContent\LabyrinthContent.contentproj", "{37571E65-4C2E-4B8D-93FF-98DC94CFD46A}"
EndProject
Global
	GlobalSection(SolutionConfigurationPlatforms) = preSolution
		Debug|x86 = Debug|x86
		Release|x86 = Release|x86
	EndGlobalSection
	GlobalSection(ProjectConfigurationPlatforms) = postSolution
		{5D545880-985C-463E-B01B-207BAB9EDF46}.Debug|x86.ActiveCfg = Debug|x86
		{5D545880-985C-463E-B01B-207BAB9EDF46}.Debug|x86.Build.0 = Debug|x86
		{5D545880-985C-463E-B01B-207BAB9EDF46}.Release|x86.ActiveCfg = Release|x86
		{5D545880-985C-463E-B01B-207BAB9EDF46}.Release|x86.Build.0 = Release|x86
		{37571E65-4C2E-4B8D-93FF-98DC94CFD46A}.Debug|x86.ActiveCfg = Debug|x86
		{37571E65-4C2E-4B8D-93FF-98DC94CFD46A}.Release|x86.ActiveCfg = Release|x86
	EndGlobalSection
	GlobalSection(SolutionProperties) = preSolution
		HideSolutionNode = FALSE
	EndGlobalSection
EndGlobal
